
Microsoft Visual Studio Solution File, Format Version 12.00
# Visual Studio Version 17
VisualStudioVersion = 17.3.32825.248
MinimumVisualStudioVersion = 10.0.40219.1
Project("{FAE04EC0-301F-11D3-BF4B-00C04F79EFBC}") = "ООО_Ткани_Сессия1_2", "ООО_Ткани_Сессия1_2\ООО_Ткани_Сессия1_2.csproj", "{A8EB4B37-FF31-4477-9630-DE1E3CC6C74E}"
EndProject
Global
	GlobalSection(SolutionConfigurationPlatforms) = preSolution
		Debug|Any CPU = Debug|Any CPU
		Release|Any CPU = Release|Any CPU
	EndGlobalSection
	GlobalSection(ProjectConfigurationPlatforms) = postSolution
		{A8EB4B37-FF31-4477-9630-DE1E3CC6C74E}.Debug|Any CPU.ActiveCfg = Debug|Any CPU
		{A8EB4B37-FF31-4477-9630-DE1E3CC6C74E}.Debug|Any CPU.Build.0 = Debug|Any CPU
		{A8EB4B37-FF31-4477-9630-DE1E3CC6C74E}.Release|Any CPU.ActiveCfg = Release|Any CPU
		{A8EB4B37-FF31-4477-9630-DE1E3CC6C74E}.Release|Any CPU.Build.0 = Release|Any CPU
	EndGlobalSection
	GlobalSection(SolutionProperties) = preSolution
		HideSolutionNode = FALSE
	EndGlobalSection
	GlobalSection(ExtensibilityGlobals) = postSolution
		SolutionGuid = {5422A6C3-8A1D-4DE2-99F5-724ED393A7FF}
	EndGlobalSection
EndGlobal
