
Microsoft Visual Studio Solution File, Format Version 12.00
# Visual Studio Version 17
VisualStudioVersion = 17.3.32825.248
MinimumVisualStudioVersion = 10.0.40219.1
Project("{FAE04EC0-301F-11D3-BF4B-00C04F79EFBC}") = "ООО_Ткани_Сессия1", "ООО_Ткани_Сессия1\ООО_Ткани_Сессия1.csproj", "{3AF89BD4-57F7-4100-A3AC-7E6EAFF513C3}"
EndProject
Global
	GlobalSection(SolutionConfigurationPlatforms) = preSolution
		Debug|Any CPU = Debug|Any CPU
		Release|Any CPU = Release|Any CPU
	EndGlobalSection
	GlobalSection(ProjectConfigurationPlatforms) = postSolution
		{3AF89BD4-57F7-4100-A3AC-7E6EAFF513C3}.Debug|Any CPU.ActiveCfg = Debug|Any CPU
		{3AF89BD4-57F7-4100-A3AC-7E6EAFF513C3}.Debug|Any CPU.Build.0 = Debug|Any CPU
		{3AF89BD4-57F7-4100-A3AC-7E6EAFF513C3}.Release|Any CPU.ActiveCfg = Release|Any CPU
		{3AF89BD4-57F7-4100-A3AC-7E6EAFF513C3}.Release|Any CPU.Build.0 = Release|Any CPU
	EndGlobalSection
	GlobalSection(SolutionProperties) = preSolution
		HideSolutionNode = FALSE
	EndGlobalSection
	GlobalSection(ExtensibilityGlobals) = postSolution
		SolutionGuid = {29599CDF-BCD2-4A57-9D7C-14C0EBA99A64}
	EndGlobalSection
EndGlobal
